// !$*UTF8*$!
{
	archiveVersion = 1;
	classes = {
	};
	objectVersion = 46;
	objects = {

/* Begin PBXBuildFile section */
		F3005FEF1C72A61700B057B6 /* BackgroundManager.swift in Sources */ = {isa = PBXBuildFile; fileRef = F3005FEE1C72A61700B057B6 /* BackgroundManager.swift */; };
		F39363031C68173900070395 /* AppDelegate.swift in Sources */ = {isa = PBXBuildFile; fileRef = F39363021C68173900070395 /* AppDelegate.swift */; };
		F39363051C68173900070395 /* DetailsViewController.swift in Sources */ = {isa = PBXBuildFile; fileRef = F39363041C68173900070395 /* DetailsViewController.swift */; };
		F393630B1C68173900070395 /* Weather.xcdatamodeld in Sources */ = {isa = PBXBuildFile; fileRef = F39363091C68173900070395 /* Weather.xcdatamodeld */; };
		F393630D1C68173900070395 /* Assets.xcassets in Resources */ = {isa = PBXBuildFile; fileRef = F393630C1C68173900070395 /* Assets.xcassets */; };
		F39363101C68173900070395 /* LaunchScreen.storyboard in Resources */ = {isa = PBXBuildFile; fileRef = F393630E1C68173900070395 /* LaunchScreen.storyboard */; };
		F39363181C6817D600070395 /* MainViewController.swift in Sources */ = {isa = PBXBuildFile; fileRef = F39363171C6817D600070395 /* MainViewController.swift */; };
		F393631A1C6818D200070395 /* LocationViewController.swift in Sources */ = {isa = PBXBuildFile; fileRef = F39363191C6818D200070395 /* LocationViewController.swift */; };
		F39A77C81C7159F5006D1E85 /* Main.storyboard in Resources */ = {isa = PBXBuildFile; fileRef = F39A77C71C7159F5006D1E85 /* Main.storyboard */; };
		F3AF627B1C77A88400529808 /* 01d.png in Resources */ = {isa = PBXBuildFile; fileRef = F3AF62621C77A88400529808 /* 01d.png */; };
		F3AF627C1C77A88400529808 /* 01n.png in Resources */ = {isa = PBXBuildFile; fileRef = F3AF62631C77A88400529808 /* 01n.png */; };
		F3AF627D1C77A88400529808 /* 02d.png in Resources */ = {isa = PBXBuildFile; fileRef = F3AF62641C77A88400529808 /* 02d.png */; };
		F3AF627E1C77A88400529808 /* 02n.png in Resources */ = {isa = PBXBuildFile; fileRef = F3AF62651C77A88400529808 /* 02n.png */; };
		F3AF627F1C77A88400529808 /* 03d.png in Resources */ = {isa = PBXBuildFile; fileRef = F3AF62661C77A88400529808 /* 03d.png */; };
		F3AF62801C77A88400529808 /* 03n.png in Resources */ = {isa = PBXBuildFile; fileRef = F3AF62671C77A88400529808 /* 03n.png */; };
		F3AF62811C77A88400529808 /* 04d.png in Resources */ = {isa = PBXBuildFile; fileRef = F3AF62681C77A88400529808 /* 04d.png */; };
		F3AF62821C77A88400529808 /* 04n.png in Resources */ = {isa = PBXBuildFile; fileRef = F3AF62691C77A88400529808 /* 04n.png */; };
		F3AF62831C77A88400529808 /* 09d.png in Resources */ = {isa = PBXBuildFile; fileRef = F3AF626A1C77A88400529808 /* 09d.png */; };
		F3AF62841C77A88400529808 /* 09n.png in Resources */ = {isa = PBXBuildFile; fileRef = F3AF626B1C77A88400529808 /* 09n.png */; };
		F3AF62851C77A88400529808 /* 10d.png in Resources */ = {isa = PBXBuildFile; fileRef = F3AF626C1C77A88400529808 /* 10d.png */; };
		F3AF62861C77A88400529808 /* 10n.png in Resources */ = {isa = PBXBuildFile; fileRef = F3AF626D1C77A88400529808 /* 10n.png */; };
		F3AF62871C77A88400529808 /* 11d.png in Resources */ = {isa = PBXBuildFile; fileRef = F3AF626E1C77A88400529808 /* 11d.png */; };
		F3AF62881C77A88400529808 /* 11n.png in Resources */ = {isa = PBXBuildFile; fileRef = F3AF626F1C77A88400529808 /* 11n.png */; };
		F3AF62891C77A88400529808 /* 13d.png in Resources */ = {isa = PBXBuildFile; fileRef = F3AF62701C77A88400529808 /* 13d.png */; };
		F3AF628A1C77A88400529808 /* 13n.png in Resources */ = {isa = PBXBuildFile; fileRef = F3AF62711C77A88400529808 /* 13n.png */; };
		F3AF628B1C77A88400529808 /* 50d.png in Resources */ = {isa = PBXBuildFile; fileRef = F3AF62721C77A88400529808 /* 50d.png */; };
		F3AF628C1C77A88400529808 /* 50n.png in Resources */ = {isa = PBXBuildFile; fileRef = F3AF62731C77A88400529808 /* 50n.png */; };
		F3AF628D1C77A88400529808 /* autumn_background.jpg in Resources */ = {isa = PBXBuildFile; fileRef = F3AF62741C77A88400529808 /* autumn_background.jpg */; };
		F3AF628E1C77A88400529808 /* city_list.sqlite in Resources */ = {isa = PBXBuildFile; fileRef = F3AF62751C77A88400529808 /* city_list.sqlite */; };
		F3AF628F1C77A88400529808 /* england_background.jpg in Resources */ = {isa = PBXBuildFile; fileRef = F3AF62761C77A88400529808 /* england_background.jpg */; };
		F3AF62901C77A88400529808 /* frankfurt_background.jpg in Resources */ = {isa = PBXBuildFile; fileRef = F3AF62771C77A88400529808 /* frankfurt_background.jpg */; };
		F3AF62911C77A88400529808 /* new.png in Resources */ = {isa = PBXBuildFile; fileRef = F3AF62781C77A88400529808 /* new.png */; };
		F3AF62921C77A88400529808 /* vancouver1_background.jpg in Resources */ = {isa = PBXBuildFile; fileRef = F3AF62791C77A88400529808 /* vancouver1_background.jpg */; };
		F3AF62931C77A88400529808 /* vancouver2_background.jpg in Resources */ = {isa = PBXBuildFile; fileRef = F3AF627A1C77A88400529808 /* vancouver2_background.jpg */; };
		F3D5CEFB1C6A5FFA00BF0136 /* WeatherXMLParser.swift in Sources */ = {isa = PBXBuildFile; fileRef = F3D5CEFA1C6A5FFA00BF0136 /* WeatherXMLParser.swift */; };
		F3D5CEFD1C6A62C000BF0136 /* Weather.swift in Sources */ = {isa = PBXBuildFile; fileRef = F3D5CEFC1C6A62C000BF0136 /* Weather.swift */; };
		F3D5CF291C6AC14000BF0136 /* ForecastXMLParser.swift in Sources */ = {isa = PBXBuildFile; fileRef = F3D5CF281C6AC14000BF0136 /* ForecastXMLParser.swift */; };
		F3D5CF2B1C6AC14C00BF0136 /* Forecast.swift in Sources */ = {isa = PBXBuildFile; fileRef = F3D5CF2A1C6AC14C00BF0136 /* Forecast.swift */; };
/* End PBXBuildFile section */

/* Begin PBXFileReference section */
		F3005FEE1C72A61700B057B6 /* BackgroundManager.swift */ = {isa = PBXFileReference; fileEncoding = 4; lastKnownFileType = sourcecode.swift; path = BackgroundManager.swift; sourceTree = "<group>"; };
		F3005FF01C72BF2800B057B6 /* CoreLocation.framework */ = {isa = PBXFileReference; lastKnownFileType = wrapper.framework; name = CoreLocation.framework; path = System/Library/Frameworks/CoreLocation.framework; sourceTree = SDKROOT; };
		F39362FF1C68173900070395 /* Weather.app */ = {isa = PBXFileReference; explicitFileType = wrapper.application; includeInIndex = 0; path = Weather.app; sourceTree = BUILT_PRODUCTS_DIR; };
		F39363021C68173900070395 /* AppDelegate.swift */ = {isa = PBXFileReference; lastKnownFileType = sourcecode.swift; path = AppDelegate.swift; sourceTree = "<group>"; };
		F39363041C68173900070395 /* DetailsViewController.swift */ = {isa = PBXFileReference; lastKnownFileType = sourcecode.swift; path = DetailsViewController.swift; sourceTree = "<group>"; };
		F393630A1C68173900070395 /* Weather.xcdatamodel */ = {isa = PBXFileReference; lastKnownFileType = wrapper.xcdatamodel; path = Weather.xcdatamodel; sourceTree = "<group>"; };
		F393630C1C68173900070395 /* Assets.xcassets */ = {isa = PBXFileReference; lastKnownFileType = folder.assetcatalog; path = Assets.xcassets; sourceTree = "<group>"; };
		F393630F1C68173900070395 /* Base */ = {isa = PBXFileReference; lastKnownFileType = file.storyboard; name = Base; path = Base.lproj/LaunchScreen.storyboard; sourceTree = "<group>"; };
		F39363111C68173900070395 /* Info.plist */ = {isa = PBXFileReference; lastKnownFileType = text.plist.xml; path = Info.plist; sourceTree = "<group>"; };
		F39363171C6817D600070395 /* MainViewController.swift */ = {isa = PBXFileReference; fileEncoding = 4; lastKnownFileType = sourcecode.swift; path = MainViewController.swift; sourceTree = "<group>"; };
		F39363191C6818D200070395 /* LocationViewController.swift */ = {isa = PBXFileReference; fileEncoding = 4; lastKnownFileType = sourcecode.swift; path = LocationViewController.swift; sourceTree = "<group>"; };
		F39A77C71C7159F5006D1E85 /* Main.storyboard */ = {isa = PBXFileReference; fileEncoding = 4; lastKnownFileType = file.storyboard; path = Main.storyboard; sourceTree = "<group>"; };
		F3AF62621C77A88400529808 /* 01d.png */ = {isa = PBXFileReference; lastKnownFileType = image.png; path = 01d.png; sourceTree = "<group>"; };
		F3AF62631C77A88400529808 /* 01n.png */ = {isa = PBXFileReference; lastKnownFileType = image.png; path = 01n.png; sourceTree = "<group>"; };
		F3AF62641C77A88400529808 /* 02d.png */ = {isa = PBXFileReference; lastKnownFileType = image.png; path = 02d.png; sourceTree = "<group>"; };
		F3AF62651C77A88400529808 /* 02n.png */ = {isa = PBXFileReference; lastKnownFileType = image.png; path = 02n.png; sourceTree = "<group>"; };
		F3AF62661C77A88400529808 /* 03d.png */ = {isa = PBXFileReference; lastKnownFileType = image.png; path = 03d.png; sourceTree = "<group>"; };
		F3AF62671C77A88400529808 /* 03n.png */ = {isa = PBXFileReference; lastKnownFileType = image.png; path = 03n.png; sourceTree = "<group>"; };
		F3AF62681C77A88400529808 /* 04d.png */ = {isa = PBXFileReference; lastKnownFileType = image.png; path = 04d.png; sourceTree = "<group>"; };
		F3AF62691C77A88400529808 /* 04n.png */ = {isa = PBXFileReference; lastKnownFileType = image.png; path = 04n.png; sourceTree = "<group>"; };
		F3AF626A1C77A88400529808 /* 09d.png */ = {isa = PBXFileReference; lastKnownFileType = image.png; path = 09d.png; sourceTree = "<group>"; };
		F3AF626B1C77A88400529808 /* 09n.png */ = {isa = PBXFileReference; lastKnownFileType = image.png; path = 09n.png; sourceTree = "<group>"; };
		F3AF626C1C77A88400529808 /* 10d.png */ = {isa = PBXFileReference; lastKnownFileType = image.png; path = 10d.png; sourceTree = "<group>"; };
		F3AF626D1C77A88400529808 /* 10n.png */ = {isa = PBXFileReference; lastKnownFileType = image.png; path = 10n.png; sourceTree = "<group>"; };
		F3AF626E1C77A88400529808 /* 11d.png */ = {isa = PBXFileReference; lastKnownFileType = image.png; path = 11d.png; sourceTree = "<group>"; };
		F3AF626F1C77A88400529808 /* 11n.png */ = {isa = PBXFileReference; lastKnownFileType = image.png; path = 11n.png; sourceTree = "<group>"; };
		F3AF62701C77A88400529808 /* 13d.png */ = {isa = PBXFileReference; lastKnownFileType = image.png; path = 13d.png; sourceTree = "<group>"; };
		F3AF62711C77A88400529808 /* 13n.png */ = {isa = PBXFileReference; lastKnownFileType = image.png; path = 13n.png; sourceTree = "<group>"; };
		F3AF62721C77A88400529808 /* 50d.png */ = {isa = PBXFileReference; lastKnownFileType = image.png; path = 50d.png; sourceTree = "<group>"; };
		F3AF62731C77A88400529808 /* 50n.png */ = {isa = PBXFileReference; lastKnownFileType = image.png; path = 50n.png; sourceTree = "<group>"; };
		F3AF62741C77A88400529808 /* autumn_background.jpg */ = {isa = PBXFileReference; lastKnownFileType = image.jpeg; path = autumn_background.jpg; sourceTree = "<group>"; };
		F3AF62751C77A88400529808 /* city_list.sqlite */ = {isa = PBXFileReference; lastKnownFileType = file; path = city_list.sqlite; sourceTree = "<group>"; };
		F3AF62761C77A88400529808 /* england_background.jpg */ = {isa = PBXFileReference; lastKnownFileType = image.jpeg; path = england_background.jpg; sourceTree = "<group>"; };
		F3AF62771C77A88400529808 /* frankfurt_background.jpg */ = {isa = PBXFileReference; lastKnownFileType = image.jpeg; path = frankfurt_background.jpg; sourceTree = "<group>"; };
		F3AF62781C77A88400529808 /* new.png */ = {isa = PBXFileReference; lastKnownFileType = image.png; path = new.png; sourceTree = "<group>"; };
		F3AF62791C77A88400529808 /* vancouver1_background.jpg */ = {isa = PBXFileReference; lastKnownFileType = image.jpeg; path = vancouver1_background.jpg; sourceTree = "<group>"; };
		F3AF627A1C77A88400529808 /* vancouver2_background.jpg */ = {isa = PBXFileReference; lastKnownFileType = image.jpeg; path = vancouver2_background.jpg; sourceTree = "<group>"; };
		F3D5CEFA1C6A5FFA00BF0136 /* WeatherXMLParser.swift */ = {isa = PBXFileReference; fileEncoding = 4; lastKnownFileType = sourcecode.swift; path = WeatherXMLParser.swift; sourceTree = "<group>"; };
		F3D5CEFC1C6A62C000BF0136 /* Weather.swift */ = {isa = PBXFileReference; fileEncoding = 4; lastKnownFileType = sourcecode.swift; path = Weather.swift; sourceTree = "<group>"; };
		F3D5CF281C6AC14000BF0136 /* ForecastXMLParser.swift */ = {isa = PBXFileReference; fileEncoding = 4; lastKnownFileType = sourcecode.swift; path = ForecastXMLParser.swift; sourceTree = "<group>"; };
		F3D5CF2A1C6AC14C00BF0136 /* Forecast.swift */ = {isa = PBXFileReference; fileEncoding = 4; lastKnownFileType = sourcecode.swift; path = Forecast.swift; sourceTree = "<group>"; };
/* End PBXFileReference section */

/* Begin PBXFrameworksBuildPhase section */
		F39362FC1C68173900070395 /* Frameworks */ = {
			isa = PBXFrameworksBuildPhase;
			buildActionMask = 2147483647;
			files = (
			);
			runOnlyForDeploymentPostprocessing = 0;
		};
/* End PBXFrameworksBuildPhase section */

/* Begin PBXGroup section */
		F39362F61C68173900070395 = {
			isa = PBXGroup;
			children = (
				F3005FF01C72BF2800B057B6 /* CoreLocation.framework */,
				F39363011C68173900070395 /* Weather */,
				F39363001C68173900070395 /* Products */,
			);
			sourceTree = "<group>";
		};
		F39363001C68173900070395 /* Products */ = {
			isa = PBXGroup;
			children = (
				F39362FF1C68173900070395 /* Weather.app */,
			);
			name = Products;
			sourceTree = "<group>";
		};
		F39363011C68173900070395 /* Weather */ = {
			isa = PBXGroup;
			children = (
				F3AF62611C77A87100529808 /* Supporting Files */,
				F3D5CF271C6AB50200BF0136 /* Forecast */,
				F3D5CF261C6AB4F600BF0136 /* Current Weather */,
				F393631D1C6818F100070395 /* Main View */,
				F393631C1C6818E900070395 /* Location View */,
				F393631B1C6818DD00070395 /* Details View */,
				F39363021C68173900070395 /* AppDelegate.swift */,
				F3005FEE1C72A61700B057B6 /* BackgroundManager.swift */,
				F39A77C71C7159F5006D1E85 /* Main.storyboard */,
				F393630C1C68173900070395 /* Assets.xcassets */,
				F393630E1C68173900070395 /* LaunchScreen.storyboard */,
				F39363111C68173900070395 /* Info.plist */,
				F39363091C68173900070395 /* Weather.xcdatamodeld */,
			);
			path = Weather;
			sourceTree = "<group>";
		};
		F393631B1C6818DD00070395 /* Details View */ = {
			isa = PBXGroup;
			children = (
				F39363041C68173900070395 /* DetailsViewController.swift */,
			);
			name = "Details View";
			sourceTree = "<group>";
		};
		F393631C1C6818E900070395 /* Location View */ = {
			isa = PBXGroup;
			children = (
				F39363191C6818D200070395 /* LocationViewController.swift */,
			);
			name = "Location View";
			sourceTree = "<group>";
		};
		F393631D1C6818F100070395 /* Main View */ = {
			isa = PBXGroup;
			children = (
				F39363171C6817D600070395 /* MainViewController.swift */,
			);
			name = "Main View";
			sourceTree = "<group>";
		};
		F3AF62611C77A87100529808 /* Supporting Files */ = {
			isa = PBXGroup;
			children = (
				F3AF62951C77A8E600529808 /* Weather */,
				F3AF62941C77A8C500529808 /* Backgrounds */,
				F3AF62751C77A88400529808 /* city_list.sqlite */,
				F3AF62781C77A88400529808 /* new.png */,
			);
			name = "Supporting Files";
			sourceTree = "<group>";
		};
		F3AF62941C77A8C500529808 /* Backgrounds */ = {
			isa = PBXGroup;
			children = (
				F3AF62741C77A88400529808 /* autumn_background.jpg */,
				F3AF62761C77A88400529808 /* england_background.jpg */,
				F3AF62771C77A88400529808 /* frankfurt_background.jpg */,
				F3AF62791C77A88400529808 /* vancouver1_background.jpg */,
				F3AF627A1C77A88400529808 /* vancouver2_background.jpg */,
			);
			name = Backgrounds;
			sourceTree = "<group>";
		};
		F3AF62951C77A8E600529808 /* Weather */ = {
			isa = PBXGroup;
			children = (
				F3AF62621C77A88400529808 /* 01d.png */,
				F3AF62631C77A88400529808 /* 01n.png */,
				F3AF62641C77A88400529808 /* 02d.png */,
				F3AF62651C77A88400529808 /* 02n.png */,
				F3AF62661C77A88400529808 /* 03d.png */,
				F3AF62671C77A88400529808 /* 03n.png */,
				F3AF62681C77A88400529808 /* 04d.png */,
				F3AF62691C77A88400529808 /* 04n.png */,
				F3AF626A1C77A88400529808 /* 09d.png */,
				F3AF626B1C77A88400529808 /* 09n.png */,
				F3AF626C1C77A88400529808 /* 10d.png */,
				F3AF626D1C77A88400529808 /* 10n.png */,
				F3AF626E1C77A88400529808 /* 11d.png */,
				F3AF626F1C77A88400529808 /* 11n.png */,
				F3AF62701C77A88400529808 /* 13d.png */,
				F3AF62711C77A88400529808 /* 13n.png */,
				F3AF62721C77A88400529808 /* 50d.png */,
				F3AF62731C77A88400529808 /* 50n.png */,
			);
			name = Weather;
			sourceTree = "<group>";
		};
		F3D5CF261C6AB4F600BF0136 /* Current Weather */ = {
			isa = PBXGroup;
			children = (
				F3D5CEFA1C6A5FFA00BF0136 /* WeatherXMLParser.swift */,
				F3D5CEFC1C6A62C000BF0136 /* Weather.swift */,
			);
			name = "Current Weather";
			sourceTree = "<group>";
		};
		F3D5CF271C6AB50200BF0136 /* Forecast */ = {
			isa = PBXGroup;
			children = (
				F3D5CF281C6AC14000BF0136 /* ForecastXMLParser.swift */,
				F3D5CF2A1C6AC14C00BF0136 /* Forecast.swift */,
			);
			name = Forecast;
			sourceTree = "<group>";
		};
/* End PBXGroup section */

/* Begin PBXNativeTarget section */
		F39362FE1C68173900070395 /* Weather */ = {
			isa = PBXNativeTarget;
			buildConfigurationList = F39363141C68173900070395 /* Build configuration list for PBXNativeTarget "Weather" */;
			buildPhases = (
				F39362FB1C68173900070395 /* Sources */,
				F39362FC1C68173900070395 /* Frameworks */,
				F39362FD1C68173900070395 /* Resources */,
			);
			buildRules = (
			);
			dependencies = (
			);
			name = Weather;
			productName = Weather;
			productReference = F39362FF1C68173900070395 /* Weather.app */;
			productType = "com.apple.product-type.application";
		};
/* End PBXNativeTarget section */

/* Begin PBXProject section */
		F39362F71C68173900070395 /* Project object */ = {
			isa = PBXProject;
			attributes = {
				LastSwiftUpdateCheck = 0720;
				LastUpgradeCheck = 0720;
				ORGANIZATIONNAME = "Shelby Jestin";
				TargetAttributes = {
					F39362FE1C68173900070395 = {
						CreatedOnToolsVersion = 7.2.1;
						DevelopmentTeam = 435W846854;
					};
				};
			};
			buildConfigurationList = F39362FA1C68173900070395 /* Build configuration list for PBXProject "Weather" */;
			compatibilityVersion = "Xcode 3.2";
			developmentRegion = English;
			hasScannedForEncodings = 0;
			knownRegions = (
				en,
				Base,
			);
			mainGroup = F39362F61C68173900070395;
			productRefGroup = F39363001C68173900070395 /* Products */;
			projectDirPath = "";
			projectRoot = "";
			targets = (
				F39362FE1C68173900070395 /* Weather */,
			);
		};
/* End PBXProject section */

/* Begin PBXResourcesBuildPhase section */
		F39362FD1C68173900070395 /* Resources */ = {
			isa = PBXResourcesBuildPhase;
			buildActionMask = 2147483647;
			files = (
				F3AF62891C77A88400529808 /* 13d.png in Resources */,
				F3AF62901C77A88400529808 /* frankfurt_background.jpg in Resources */,
				F3AF628C1C77A88400529808 /* 50n.png in Resources */,
				F3AF62821C77A88400529808 /* 04n.png in Resources */,
				F3AF628E1C77A88400529808 /* city_list.sqlite in Resources */,
				F3AF628F1C77A88400529808 /* england_background.jpg in Resources */,
				F39A77C81C7159F5006D1E85 /* Main.storyboard in Resources */,
				F3AF62861C77A88400529808 /* 10n.png in Resources */,
				F3AF628A1C77A88400529808 /* 13n.png in Resources */,
				F3AF627E1C77A88400529808 /* 02n.png in Resources */,
				F3AF62931C77A88400529808 /* vancouver2_background.jpg in Resources */,
				F3AF62831C77A88400529808 /* 09d.png in Resources */,
				F3AF62921C77A88400529808 /* vancouver1_background.jpg in Resources */,
				F39363101C68173900070395 /* LaunchScreen.storyboard in Resources */,
				F3AF627D1C77A88400529808 /* 02d.png in Resources */,
				F3AF627F1C77A88400529808 /* 03d.png in Resources */,
				F3AF62851C77A88400529808 /* 10d.png in Resources */,
				F393630D1C68173900070395 /* Assets.xcassets in Resources */,
				F3AF62881C77A88400529808 /* 11n.png in Resources */,
				F3AF62871C77A88400529808 /* 11d.png in Resources */,
				F3AF627B1C77A88400529808 /* 01d.png in Resources */,
				F3AF627C1C77A88400529808 /* 01n.png in Resources */,
				F3AF628B1C77A88400529808 /* 50d.png in Resources */,
				F3AF62801C77A88400529808 /* 03n.png in Resources */,
				F3AF628D1C77A88400529808 /* autumn_background.jpg in Resources */,
				F3AF62841C77A88400529808 /* 09n.png in Resources */,
				F3AF62911C77A88400529808 /* new.png in Resources */,
				F3AF62811C77A88400529808 /* 04d.png in Resources */,
			);
			runOnlyForDeploymentPostprocessing = 0;
		};
/* End PBXResourcesBuildPhase section */

/* Begin PBXSourcesBuildPhase section */
		F39362FB1C68173900070395 /* Sources */ = {
			isa = PBXSourcesBuildPhase;
			buildActionMask = 2147483647;
			files = (
				F393631A1C6818D200070395 /* LocationViewController.swift in Sources */,
				F393630B1C68173900070395 /* Weather.xcdatamodeld in Sources */,
				F39363051C68173900070395 /* DetailsViewController.swift in Sources */,
				F39363031C68173900070395 /* AppDelegate.swift in Sources */,
				F3D5CF2B1C6AC14C00BF0136 /* Forecast.swift in Sources */,
				F3005FEF1C72A61700B057B6 /* BackgroundManager.swift in Sources */,
				F39363181C6817D600070395 /* MainViewController.swift in Sources */,
				F3D5CEFB1C6A5FFA00BF0136 /* WeatherXMLParser.swift in Sources */,
				F3D5CEFD1C6A62C000BF0136 /* Weather.swift in Sources */,
				F3D5CF291C6AC14000BF0136 /* ForecastXMLParser.swift in Sources */,
			);
			runOnlyForDeploymentPostprocessing = 0;
		};
/* End PBXSourcesBuildPhase section */

/* Begin PBXVariantGroup section */
		F393630E1C68173900070395 /* LaunchScreen.storyboard */ = {
			isa = PBXVariantGroup;
			children = (
				F393630F1C68173900070395 /* Base */,
			);
			name = LaunchScreen.storyboard;
			sourceTree = "<group>";
		};
/* End PBXVariantGroup section */

/* Begin XCBuildConfiguration section */
		F39363121C68173900070395 /* Debug */ = {
			isa = XCBuildConfiguration;
			buildSettings = {
				ALWAYS_SEARCH_USER_PATHS = NO;
				CLANG_CXX_LANGUAGE_STANDARD = "gnu++0x";
				CLANG_CXX_LIBRARY = "libc++";
				CLANG_ENABLE_MODULES = YES;
				CLANG_ENABLE_OBJC_ARC = YES;
				CLANG_WARN_BOOL_CONVERSION = YES;
				CLANG_WARN_CONSTANT_CONVERSION = YES;
				CLANG_WARN_DIRECT_OBJC_ISA_USAGE = YES_ERROR;
				CLANG_WARN_EMPTY_BODY = YES;
				CLANG_WARN_ENUM_CONVERSION = YES;
				CLANG_WARN_INT_CONVERSION = YES;
				CLANG_WARN_OBJC_ROOT_CLASS = YES_ERROR;
				CLANG_WARN_UNREACHABLE_CODE = YES;
				CLANG_WARN__DUPLICATE_METHOD_MATCH = YES;
				"CODE_SIGN_IDENTITY[sdk=iphoneos*]" = "iPhone Developer";
				COPY_PHASE_STRIP = NO;
				DEBUG_INFORMATION_FORMAT = dwarf;
				ENABLE_STRICT_OBJC_MSGSEND = YES;
				ENABLE_TESTABILITY = YES;
				GCC_C_LANGUAGE_STANDARD = gnu99;
				GCC_DYNAMIC_NO_PIC = NO;
				GCC_NO_COMMON_BLOCKS = YES;
				GCC_OPTIMIZATION_LEVEL = 0;
				GCC_PREPROCESSOR_DEFINITIONS = (
					"DEBUG=1",
					"$(inherited)",
				);
				GCC_WARN_64_TO_32_BIT_CONVERSION = YES;
				GCC_WARN_ABOUT_RETURN_TYPE = YES_ERROR;
				GCC_WARN_UNDECLARED_SELECTOR = YES;
				GCC_WARN_UNINITIALIZED_AUTOS = YES_AGGRESSIVE;
				GCC_WARN_UNUSED_FUNCTION = YES;
				GCC_WARN_UNUSED_VARIABLE = YES;
				IPHONEOS_DEPLOYMENT_TARGET = 9.2;
				MTL_ENABLE_DEBUG_INFO = YES;
				ONLY_ACTIVE_ARCH = YES;
				SDKROOT = iphoneos;
				SWIFT_OPTIMIZATION_LEVEL = "-Onone";
				TARGETED_DEVICE_FAMILY = "1,2";
			};
			name = Debug;
		};
		F39363131C68173900070395 /* Release */ = {
			isa = XCBuildConfiguration;
			buildSettings = {
				ALWAYS_SEARCH_USER_PATHS = NO;
				CLANG_CXX_LANGUAGE_STANDARD = "gnu++0x";
				CLANG_CXX_LIBRARY = "libc++";
				CLANG_ENABLE_MODULES = YES;
				CLANG_ENABLE_OBJC_ARC = YES;
				CLANG_WARN_BOOL_CONVERSION = YES;
				CLANG_WARN_CONSTANT_CONVERSION = YES;
				CLANG_WARN_DIRECT_OBJC_ISA_USAGE = YES_ERROR;
				CLANG_WARN_EMPTY_BODY = YES;
				CLANG_WARN_ENUM_CONVERSION = YES;
				CLANG_WARN_INT_CONVERSION = YES;
				CLANG_WARN_OBJC_ROOT_CLASS = YES_ERROR;
				CLANG_WARN_UNREACHABLE_CODE = YES;
				CLANG_WARN__DUPLICATE_METHOD_MATCH = YES;
				"CODE_SIGN_IDENTITY[sdk=iphoneos*]" = "iPhone Developer";
				COPY_PHASE_STRIP = NO;
				DEBUG_INFORMATION_FORMAT = "dwarf-with-dsym";
				ENABLE_NS_ASSERTIONS = NO;
				ENABLE_STRICT_OBJC_MSGSEND = YES;
				GCC_C_LANGUAGE_STANDARD = gnu99;
				GCC_NO_COMMON_BLOCKS = YES;
				GCC_WARN_64_TO_32_BIT_CONVERSION = YES;
				GCC_WARN_ABOUT_RETURN_TYPE = YES_ERROR;
				GCC_WARN_UNDECLARED_SELECTOR = YES;
				GCC_WARN_UNINITIALIZED_AUTOS = YES_AGGRESSIVE;
				GCC_WARN_UNUSED_FUNCTION = YES;
				GCC_WARN_UNUSED_VARIABLE = YES;
				IPHONEOS_DEPLOYMENT_TARGET = 9.2;
				MTL_ENABLE_DEBUG_INFO = NO;
				SDKROOT = iphoneos;
				TARGETED_DEVICE_FAMILY = "1,2";
				VALIDATE_PRODUCT = YES;
			};
			name = Release;
		};
		F39363151C68173900070395 /* Debug */ = {
			isa = XCBuildConfiguration;
			buildSettings = {
				ASSETCATALOG_COMPILER_APPICON_NAME = AppIcon;
				INFOPLIST_FILE = Weather/Info.plist;
				LD_RUNPATH_SEARCH_PATHS = "$(inherited) @executable_path/Frameworks";
				PRODUCT_BUNDLE_IDENTIFIER = SJ.Weather;
				PRODUCT_NAME = "$(TARGET_NAME)";
			};
			name = Debug;
		};
		F39363161C68173900070395 /* Release */ = {
			isa = XCBuildConfiguration;
			buildSettings = {
				ASSETCATALOG_COMPILER_APPICON_NAME = AppIcon;
				INFOPLIST_FILE = Weather/Info.plist;
				LD_RUNPATH_SEARCH_PATHS = "$(inherited) @executable_path/Frameworks";
				PRODUCT_BUNDLE_IDENTIFIER = SJ.Weather;
				PRODUCT_NAME = "$(TARGET_NAME)";
			};
			name = Release;
		};
/* End XCBuildConfiguration section */

/* Begin XCConfigurationList section */
		F39362FA1C68173900070395 /* Build configuration list for PBXProject "Weather" */ = {
			isa = XCConfigurationList;
			buildConfigurations = (
				F39363121C68173900070395 /* Debug */,
				F39363131C68173900070395 /* Release */,
			);
			defaultConfigurationIsVisible = 0;
			defaultConfigurationName = Release;
		};
		F39363141C68173900070395 /* Build configuration list for PBXNativeTarget "Weather" */ = {
			isa = XCConfigurationList;
			buildConfigurations = (
				F39363151C68173900070395 /* Debug */,
				F39363161C68173900070395 /* Release */,
			);
			defaultConfigurationIsVisible = 0;
			defaultConfigurationName = Release;
		};
/* End XCConfigurationList section */

/* Begin XCVersionGroup section */
		F39363091C68173900070395 /* Weather.xcdatamodeld */ = {
			isa = XCVersionGroup;
			children = (
				F393630A1C68173900070395 /* Weather.xcdatamodel */,
			);
			currentVersion = F393630A1C68173900070395 /* Weather.xcdatamodel */;
			path = Weather.xcdatamodeld;
			sourceTree = "<group>";
			versionGroupType = wrapper.xcdatamodel;
		};
/* End XCVersionGroup section */
	};
	rootObject = F39362F71C68173900070395 /* Project object */;
}
